
Microsoft Visual Studio Solution File, Format Version 12.00
# Visual Studio Version 17
VisualStudioVersion = 17.5.2.0
MinimumVisualStudioVersion = 10.0.40219.1
Project("{2150E333-8FDC-42A3-9474-1A3956D46DE8}") = "server", "server", "{DAD03CFC-D5FA-AC94-41C7-9ABAB326F09E}"
EndProject
Project("{FAE04EC0-301F-11D3-BF4B-00C04F79EFBC}") = "TaskPwa.Server", "server\TaskPwa.Server.csproj", "{FAF2B099-82A9-B874-3E39-A77A220B6C51}"
EndProject
Project("{2150E333-8FDC-42A3-9474-1A3956D46DE8}") = "tests", "tests", "{0AB3BF05-4346-4AA6-1389-037BE0695223}"
EndProject
Project("{FAE04EC0-301F-11D3-BF4B-00C04F79EFBC}") = "TaskPwa.Server.Tests", "tests\TaskPwa.Server.Tests\TaskPwa.Server.Tests.csproj", "{09F8A450-0425-4300-B260-59443BD95BCE}"
EndProject
Global
	GlobalSection(SolutionConfigurationPlatforms) = preSolution
		Debug|Any CPU = Debug|Any CPU
		Debug|x64 = Debug|x64
		Debug|x86 = Debug|x86
		Release|Any CPU = Release|Any CPU
		Release|x64 = Release|x64
		Release|x86 = Release|x86
	EndGlobalSection
	GlobalSection(ProjectConfigurationPlatforms) = postSolution
		{FAF2B099-82A9-B874-3E39-A77A220B6C51}.Debug|Any CPU.ActiveCfg = Debug|Any CPU
		{FAF2B099-82A9-B874-3E39-A77A220B6C51}.Debug|Any CPU.Build.0 = Debug|Any CPU
		{FAF2B099-82A9-B874-3E39-A77A220B6C51}.Debug|x64.ActiveCfg = Debug|Any CPU
		{FAF2B099-82A9-B874-3E39-A77A220B6C51}.Debug|x64.Build.0 = Debug|Any CPU
		{FAF2B099-82A9-B874-3E39-A77A220B6C51}.Debug|x86.ActiveCfg = Debug|Any CPU
		{FAF2B099-82A9-B874-3E39-A77A220B6C51}.Debug|x86.Build.0 = Debug|Any CPU
		{FAF2B099-82A9-B874-3E39-A77A220B6C51}.Release|Any CPU.ActiveCfg = Release|Any CPU
		{FAF2B099-82A9-B874-3E39-A77A220B6C51}.Release|Any CPU.Build.0 = Release|Any CPU
		{FAF2B099-82A9-B874-3E39-A77A220B6C51}.Release|x64.ActiveCfg = Release|Any CPU
		{FAF2B099-82A9-B874-3E39-A77A220B6C51}.Release|x64.Build.0 = Release|Any CPU
		{FAF2B099-82A9-B874-3E39-A77A220B6C51}.Release|x86.ActiveCfg = Release|Any CPU
		{FAF2B099-82A9-B874-3E39-A77A220B6C51}.Release|x86.Build.0 = Release|Any CPU
		{09F8A450-0425-4300-B260-59443BD95BCE}.Debug|Any CPU.ActiveCfg = Debug|Any CPU
		{09F8A450-0425-4300-B260-59443BD95BCE}.Debug|Any CPU.Build.0 = Debug|Any CPU
		{09F8A450-0425-4300-B260-59443BD95BCE}.Debug|x64.ActiveCfg = Debug|Any CPU
		{09F8A450-0425-4300-B260-59443BD95BCE}.Debug|x64.Build.0 = Debug|Any CPU
		{09F8A450-0425-4300-B260-59443BD95BCE}.Debug|x86.ActiveCfg = Debug|Any CPU
		{09F8A450-0425-4300-B260-59443BD95BCE}.Debug|x86.Build.0 = Debug|Any CPU
		{09F8A450-0425-4300-B260-59443BD95BCE}.Release|Any CPU.ActiveCfg = Release|Any CPU
		{09F8A450-0425-4300-B260-59443BD95BCE}.Release|Any CPU.Build.0 = Release|Any CPU
		{09F8A450-0425-4300-B260-59443BD95BCE}.Release|x64.ActiveCfg = Release|Any CPU
		{09F8A450-0425-4300-B260-59443BD95BCE}.Release|x64.Build.0 = Release|Any CPU
		{09F8A450-0425-4300-B260-59443BD95BCE}.Release|x86.ActiveCfg = Release|Any CPU
		{09F8A450-0425-4300-B260-59443BD95BCE}.Release|x86.Build.0 = Release|Any CPU
	EndGlobalSection
	GlobalSection(SolutionProperties) = preSolution
		HideSolutionNode = FALSE
	EndGlobalSection
	GlobalSection(NestedProjects) = preSolution
		{FAF2B099-82A9-B874-3E39-A77A220B6C51} = {DAD03CFC-D5FA-AC94-41C7-9ABAB326F09E}
		{09F8A450-0425-4300-B260-59443BD95BCE} = {0AB3BF05-4346-4AA6-1389-037BE0695223}
	EndGlobalSection
	GlobalSection(ExtensibilityGlobals) = postSolution
		SolutionGuid = {B127C109-F651-4F80-8EA3-4BFC5B88FBCF}
	EndGlobalSection
EndGlobal
